
Microsoft Visual Studio Solution File, Format Version 12.00
# Visual Studio Version 17
VisualStudioVersion = 17.9.34728.123
MinimumVisualStudioVersion = 10.0.40219.1
Project("{FAE04EC0-301F-11D3-BF4B-00C04F79EFBC}") = "21. Check sum 20", "21. Check sum 20\21. Check sum 20.csproj", "{D6203516-BCD2-45C6-A21D-2897FDEABE2C}"
EndProject
Global
	GlobalSection(SolutionConfigurationPlatforms) = preSolution
		Debug|Any CPU = Debug|Any CPU
		Release|Any CPU = Release|Any CPU
	EndGlobalSection
	GlobalSection(ProjectConfigurationPlatforms) = postSolution
		{D6203516-BCD2-45C6-A21D-2897FDEABE2C}.Debug|Any CPU.ActiveCfg = Debug|Any CPU
		{D6203516-BCD2-45C6-A21D-2897FDEABE2C}.Debug|Any CPU.Build.0 = Debug|Any CPU
		{D6203516-BCD2-45C6-A21D-2897FDEABE2C}.Release|Any CPU.ActiveCfg = Release|Any CPU
		{D6203516-BCD2-45C6-A21D-2897FDEABE2C}.Release|Any CPU.Build.0 = Release|Any CPU
	EndGlobalSection
	GlobalSection(SolutionProperties) = preSolution
		HideSolutionNode = FALSE
	EndGlobalSection
	GlobalSection(ExtensibilityGlobals) = postSolution
		SolutionGuid = {AAEFFAA1-EB81-428D-A918-EE89876FC204}
	EndGlobalSection
EndGlobal
