
Microsoft Visual Studio Solution File, Format Version 12.00
# Visual Studio Version 17
VisualStudioVersion = 17.9.34728.123
MinimumVisualStudioVersion = 10.0.40219.1
Project("{FAE04EC0-301F-11D3-BF4B-00C04F79EFBC}") = "95. Brackets", "95. Brackets\95. Brackets.csproj", "{94115781-70F0-4579-8FC6-0511E80CF96F}"
EndProject
Global
	GlobalSection(SolutionConfigurationPlatforms) = preSolution
		Debug|Any CPU = Debug|Any CPU
		Release|Any CPU = Release|Any CPU
	EndGlobalSection
	GlobalSection(ProjectConfigurationPlatforms) = postSolution
		{94115781-70F0-4579-8FC6-0511E80CF96F}.Debug|Any CPU.ActiveCfg = Debug|Any CPU
		{94115781-70F0-4579-8FC6-0511E80CF96F}.Debug|Any CPU.Build.0 = Debug|Any CPU
		{94115781-70F0-4579-8FC6-0511E80CF96F}.Release|Any CPU.ActiveCfg = Release|Any CPU
		{94115781-70F0-4579-8FC6-0511E80CF96F}.Release|Any CPU.Build.0 = Release|Any CPU
	EndGlobalSection
	GlobalSection(SolutionProperties) = preSolution
		HideSolutionNode = FALSE
	EndGlobalSection
	GlobalSection(ExtensibilityGlobals) = postSolution
		SolutionGuid = {707EC025-FC2A-4C7C-B84B-CE2599DEF578}
	EndGlobalSection
EndGlobal
