
Microsoft Visual Studio Solution File, Format Version 12.00
# Visual Studio Version 17
VisualStudioVersion = 17.9.34728.123
MinimumVisualStudioVersion = 10.0.40219.1
Project("{FAE04EC0-301F-11D3-BF4B-00C04F79EFBC}") = "02. Sum of Two", "02. Sum of Two\02. Sum of Two.csproj", "{EBC0B4F4-F8B0-481F-BAA1-B15031935125}"
EndProject
Global
	GlobalSection(SolutionConfigurationPlatforms) = preSolution
		Debug|Any CPU = Debug|Any CPU
		Release|Any CPU = Release|Any CPU
	EndGlobalSection
	GlobalSection(ProjectConfigurationPlatforms) = postSolution
		{EBC0B4F4-F8B0-481F-BAA1-B15031935125}.Debug|Any CPU.ActiveCfg = Debug|Any CPU
		{EBC0B4F4-F8B0-481F-BAA1-B15031935125}.Debug|Any CPU.Build.0 = Debug|Any CPU
		{EBC0B4F4-F8B0-481F-BAA1-B15031935125}.Release|Any CPU.ActiveCfg = Release|Any CPU
		{EBC0B4F4-F8B0-481F-BAA1-B15031935125}.Release|Any CPU.Build.0 = Release|Any CPU
	EndGlobalSection
	GlobalSection(SolutionProperties) = preSolution
		HideSolutionNode = FALSE
	EndGlobalSection
	GlobalSection(ExtensibilityGlobals) = postSolution
		SolutionGuid = {F8D1F1CE-5BA8-4B44-9585-02A08D1515BE}
	EndGlobalSection
EndGlobal
