
Microsoft Visual Studio Solution File, Format Version 12.00
# Visual Studio Version 17
VisualStudioVersion = 17.9.34728.123
MinimumVisualStudioVersion = 10.0.40219.1
Project("{FAE04EC0-301F-11D3-BF4B-00C04F79EFBC}") = "53. Odd number", "53. Odd number\53. Odd number.csproj", "{5A163DFE-1E7B-4090-9C3B-E48D3CCDCD9A}"
EndProject
Global
	GlobalSection(SolutionConfigurationPlatforms) = preSolution
		Debug|Any CPU = Debug|Any CPU
		Release|Any CPU = Release|Any CPU
	EndGlobalSection
	GlobalSection(ProjectConfigurationPlatforms) = postSolution
		{5A163DFE-1E7B-4090-9C3B-E48D3CCDCD9A}.Debug|Any CPU.ActiveCfg = Debug|Any CPU
		{5A163DFE-1E7B-4090-9C3B-E48D3CCDCD9A}.Debug|Any CPU.Build.0 = Debug|Any CPU
		{5A163DFE-1E7B-4090-9C3B-E48D3CCDCD9A}.Release|Any CPU.ActiveCfg = Release|Any CPU
		{5A163DFE-1E7B-4090-9C3B-E48D3CCDCD9A}.Release|Any CPU.Build.0 = Release|Any CPU
	EndGlobalSection
	GlobalSection(SolutionProperties) = preSolution
		HideSolutionNode = FALSE
	EndGlobalSection
	GlobalSection(ExtensibilityGlobals) = postSolution
		SolutionGuid = {0EA6B4B8-5077-4593-B842-C2069A08D82D}
	EndGlobalSection
EndGlobal
