
Microsoft Visual Studio Solution File, Format Version 12.00
# Visual Studio Version 17
VisualStudioVersion = 17.9.34728.123
MinimumVisualStudioVersion = 10.0.40219.1
Project("{FAE04EC0-301F-11D3-BF4B-00C04F79EFBC}") = "16. Swap first last position", "16. Swap first last position\16. Swap first last position.csproj", "{92DD1E25-C9F9-4841-BA61-A3B45F68E2EC}"
EndProject
Global
	GlobalSection(SolutionConfigurationPlatforms) = preSolution
		Debug|Any CPU = Debug|Any CPU
		Release|Any CPU = Release|Any CPU
	EndGlobalSection
	GlobalSection(ProjectConfigurationPlatforms) = postSolution
		{92DD1E25-C9F9-4841-BA61-A3B45F68E2EC}.Debug|Any CPU.ActiveCfg = Debug|Any CPU
		{92DD1E25-C9F9-4841-BA61-A3B45F68E2EC}.Debug|Any CPU.Build.0 = Debug|Any CPU
		{92DD1E25-C9F9-4841-BA61-A3B45F68E2EC}.Release|Any CPU.ActiveCfg = Release|Any CPU
		{92DD1E25-C9F9-4841-BA61-A3B45F68E2EC}.Release|Any CPU.Build.0 = Release|Any CPU
	EndGlobalSection
	GlobalSection(SolutionProperties) = preSolution
		HideSolutionNode = FALSE
	EndGlobalSection
	GlobalSection(ExtensibilityGlobals) = postSolution
		SolutionGuid = {2C1F072C-C08E-422B-88A5-DBEEE70BF62F}
	EndGlobalSection
EndGlobal
