
Microsoft Visual Studio Solution File, Format Version 12.00
# Visual Studio Version 17
VisualStudioVersion = 17.9.34728.123
MinimumVisualStudioVersion = 10.0.40219.1
Project("{FAE04EC0-301F-11D3-BF4B-00C04F79EFBC}") = "25. The Odds", "25. The Odds\25. The Odds.csproj", "{43A4E0F2-F21D-41B8-8187-8739AAC1CE4D}"
EndProject
Global
	GlobalSection(SolutionConfigurationPlatforms) = preSolution
		Debug|Any CPU = Debug|Any CPU
		Release|Any CPU = Release|Any CPU
	EndGlobalSection
	GlobalSection(ProjectConfigurationPlatforms) = postSolution
		{43A4E0F2-F21D-41B8-8187-8739AAC1CE4D}.Debug|Any CPU.ActiveCfg = Debug|Any CPU
		{43A4E0F2-F21D-41B8-8187-8739AAC1CE4D}.Debug|Any CPU.Build.0 = Debug|Any CPU
		{43A4E0F2-F21D-41B8-8187-8739AAC1CE4D}.Release|Any CPU.ActiveCfg = Release|Any CPU
		{43A4E0F2-F21D-41B8-8187-8739AAC1CE4D}.Release|Any CPU.Build.0 = Release|Any CPU
	EndGlobalSection
	GlobalSection(SolutionProperties) = preSolution
		HideSolutionNode = FALSE
	EndGlobalSection
	GlobalSection(ExtensibilityGlobals) = postSolution
		SolutionGuid = {B1D36BB6-DC59-4B05-99DC-862B769A2703}
	EndGlobalSection
EndGlobal
