
Microsoft Visual Studio Solution File, Format Version 12.00
# Visual Studio Version 17
VisualStudioVersion = 17.9.34728.123
MinimumVisualStudioVersion = 10.0.40219.1
Project("{FAE04EC0-301F-11D3-BF4B-00C04F79EFBC}") = "74. Odd or even length", "74. Odd or even length\74. Odd or even length.csproj", "{F10B76CA-6F10-4E5E-B10A-ADF44364C57B}"
EndProject
Global
	GlobalSection(SolutionConfigurationPlatforms) = preSolution
		Debug|Any CPU = Debug|Any CPU
		Release|Any CPU = Release|Any CPU
	EndGlobalSection
	GlobalSection(ProjectConfigurationPlatforms) = postSolution
		{F10B76CA-6F10-4E5E-B10A-ADF44364C57B}.Debug|Any CPU.ActiveCfg = Debug|Any CPU
		{F10B76CA-6F10-4E5E-B10A-ADF44364C57B}.Debug|Any CPU.Build.0 = Debug|Any CPU
		{F10B76CA-6F10-4E5E-B10A-ADF44364C57B}.Release|Any CPU.ActiveCfg = Release|Any CPU
		{F10B76CA-6F10-4E5E-B10A-ADF44364C57B}.Release|Any CPU.Build.0 = Release|Any CPU
	EndGlobalSection
	GlobalSection(SolutionProperties) = preSolution
		HideSolutionNode = FALSE
	EndGlobalSection
	GlobalSection(ExtensibilityGlobals) = postSolution
		SolutionGuid = {1715D9A6-7632-4144-8226-F7541BF843F0}
	EndGlobalSection
EndGlobal
