
Microsoft Visual Studio Solution File, Format Version 12.00
# Visual Studio Version 17
VisualStudioVersion = 17.9.34728.123
MinimumVisualStudioVersion = 10.0.40219.1
Project("{FAE04EC0-301F-11D3-BF4B-00C04F79EFBC}") = "79. Int to string and back", "79. Int to string and back\79. Int to string and back.csproj", "{630E4630-87F8-4164-AE5D-E7ED1433E838}"
EndProject
Global
	GlobalSection(SolutionConfigurationPlatforms) = preSolution
		Debug|Any CPU = Debug|Any CPU
		Release|Any CPU = Release|Any CPU
	EndGlobalSection
	GlobalSection(ProjectConfigurationPlatforms) = postSolution
		{630E4630-87F8-4164-AE5D-E7ED1433E838}.Debug|Any CPU.ActiveCfg = Debug|Any CPU
		{630E4630-87F8-4164-AE5D-E7ED1433E838}.Debug|Any CPU.Build.0 = Debug|Any CPU
		{630E4630-87F8-4164-AE5D-E7ED1433E838}.Release|Any CPU.ActiveCfg = Release|Any CPU
		{630E4630-87F8-4164-AE5D-E7ED1433E838}.Release|Any CPU.Build.0 = Release|Any CPU
	EndGlobalSection
	GlobalSection(SolutionProperties) = preSolution
		HideSolutionNode = FALSE
	EndGlobalSection
	GlobalSection(ExtensibilityGlobals) = postSolution
		SolutionGuid = {E58258CF-005F-408B-8AE2-A382CD673EBF}
	EndGlobalSection
EndGlobal
