
Microsoft Visual Studio Solution File, Format Version 12.00
# Visual Studio Version 17
VisualStudioVersion = 17.9.34728.123
MinimumVisualStudioVersion = 10.0.40219.1
Project("{FAE04EC0-301F-11D3-BF4B-00C04F79EFBC}") = "56. Palindrome string", "56. Palindrome string\56. Palindrome string.csproj", "{15ECEBB9-8C6D-40DB-9673-B082779987DA}"
EndProject
Global
	GlobalSection(SolutionConfigurationPlatforms) = preSolution
		Debug|Any CPU = Debug|Any CPU
		Release|Any CPU = Release|Any CPU
	EndGlobalSection
	GlobalSection(ProjectConfigurationPlatforms) = postSolution
		{15ECEBB9-8C6D-40DB-9673-B082779987DA}.Debug|Any CPU.ActiveCfg = Debug|Any CPU
		{15ECEBB9-8C6D-40DB-9673-B082779987DA}.Debug|Any CPU.Build.0 = Debug|Any CPU
		{15ECEBB9-8C6D-40DB-9673-B082779987DA}.Release|Any CPU.ActiveCfg = Release|Any CPU
		{15ECEBB9-8C6D-40DB-9673-B082779987DA}.Release|Any CPU.Build.0 = Release|Any CPU
	EndGlobalSection
	GlobalSection(SolutionProperties) = preSolution
		HideSolutionNode = FALSE
	EndGlobalSection
	GlobalSection(ExtensibilityGlobals) = postSolution
		SolutionGuid = {817490FA-2211-4571-BAFD-F233148E34ED}
	EndGlobalSection
EndGlobal
