
Microsoft Visual Studio Solution File, Format Version 12.00
# Visual Studio Version 17
VisualStudioVersion = 17.9.34728.123
MinimumVisualStudioVersion = 10.0.40219.1
Project("{FAE04EC0-301F-11D3-BF4B-00C04F79EFBC}") = "26. Sum of 500 primes", "26. Sum of 500 primes\26. Sum of 500 primes.csproj", "{58AFAE7B-DA7B-4F33-9CA3-577F612C0D1F}"
EndProject
Global
	GlobalSection(SolutionConfigurationPlatforms) = preSolution
		Debug|Any CPU = Debug|Any CPU
		Release|Any CPU = Release|Any CPU
	EndGlobalSection
	GlobalSection(ProjectConfigurationPlatforms) = postSolution
		{58AFAE7B-DA7B-4F33-9CA3-577F612C0D1F}.Debug|Any CPU.ActiveCfg = Debug|Any CPU
		{58AFAE7B-DA7B-4F33-9CA3-577F612C0D1F}.Debug|Any CPU.Build.0 = Debug|Any CPU
		{58AFAE7B-DA7B-4F33-9CA3-577F612C0D1F}.Release|Any CPU.ActiveCfg = Release|Any CPU
		{58AFAE7B-DA7B-4F33-9CA3-577F612C0D1F}.Release|Any CPU.Build.0 = Release|Any CPU
	EndGlobalSection
	GlobalSection(SolutionProperties) = preSolution
		HideSolutionNode = FALSE
	EndGlobalSection
	GlobalSection(ExtensibilityGlobals) = postSolution
		SolutionGuid = {053975AF-56D1-43A1-9CE1-D5F4E58DCACC}
	EndGlobalSection
EndGlobal
