
Microsoft Visual Studio Solution File, Format Version 12.00
# Visual Studio Version 17
VisualStudioVersion = 17.9.34728.123
MinimumVisualStudioVersion = 10.0.40219.1
Project("{FAE04EC0-301F-11D3-BF4B-00C04F79EFBC}") = "57. Prod of Adjacent", "57. Prod of Adjacent\57. Prod of Adjacent.csproj", "{6B79F24C-ABD9-4578-9098-4898DE72BBB5}"
EndProject
Global
	GlobalSection(SolutionConfigurationPlatforms) = preSolution
		Debug|Any CPU = Debug|Any CPU
		Release|Any CPU = Release|Any CPU
	EndGlobalSection
	GlobalSection(ProjectConfigurationPlatforms) = postSolution
		{6B79F24C-ABD9-4578-9098-4898DE72BBB5}.Debug|Any CPU.ActiveCfg = Debug|Any CPU
		{6B79F24C-ABD9-4578-9098-4898DE72BBB5}.Debug|Any CPU.Build.0 = Debug|Any CPU
		{6B79F24C-ABD9-4578-9098-4898DE72BBB5}.Release|Any CPU.ActiveCfg = Release|Any CPU
		{6B79F24C-ABD9-4578-9098-4898DE72BBB5}.Release|Any CPU.Build.0 = Release|Any CPU
	EndGlobalSection
	GlobalSection(SolutionProperties) = preSolution
		HideSolutionNode = FALSE
	EndGlobalSection
	GlobalSection(ExtensibilityGlobals) = postSolution
		SolutionGuid = {33FFDB9B-BE69-4668-977D-7B6799BF7ED9}
	EndGlobalSection
EndGlobal
