
Microsoft Visual Studio Solution File, Format Version 12.00
# Visual Studio Version 17
VisualStudioVersion = 17.9.34728.123
MinimumVisualStudioVersion = 10.0.40219.1
Project("{FAE04EC0-301F-11D3-BF4B-00C04F79EFBC}") = "77. Plural", "77. Plural\77. Plural.csproj", "{9C94707B-8EDB-4E0C-99E5-D6ECAC3BC820}"
EndProject
Global
	GlobalSection(SolutionConfigurationPlatforms) = preSolution
		Debug|Any CPU = Debug|Any CPU
		Release|Any CPU = Release|Any CPU
	EndGlobalSection
	GlobalSection(ProjectConfigurationPlatforms) = postSolution
		{9C94707B-8EDB-4E0C-99E5-D6ECAC3BC820}.Debug|Any CPU.ActiveCfg = Debug|Any CPU
		{9C94707B-8EDB-4E0C-99E5-D6ECAC3BC820}.Debug|Any CPU.Build.0 = Debug|Any CPU
		{9C94707B-8EDB-4E0C-99E5-D6ECAC3BC820}.Release|Any CPU.ActiveCfg = Release|Any CPU
		{9C94707B-8EDB-4E0C-99E5-D6ECAC3BC820}.Release|Any CPU.Build.0 = Release|Any CPU
	EndGlobalSection
	GlobalSection(SolutionProperties) = preSolution
		HideSolutionNode = FALSE
	EndGlobalSection
	GlobalSection(ExtensibilityGlobals) = postSolution
		SolutionGuid = {C9DF2992-BF9D-4C27-AD2A-4290E2F9B437}
	EndGlobalSection
EndGlobal
