
Microsoft Visual Studio Solution File, Format Version 12.00
# Visual Studio Version 17
VisualStudioVersion = 17.9.34728.123
MinimumVisualStudioVersion = 10.0.40219.1
Project("{FAE04EC0-301F-11D3-BF4B-00C04F79EFBC}") = "65. Multiply by length", "65. Multiply by length\65. Multiply by length.csproj", "{BF028C22-C6C7-4936-BD6F-76A86BD713A3}"
EndProject
Global
	GlobalSection(SolutionConfigurationPlatforms) = preSolution
		Debug|Any CPU = Debug|Any CPU
		Release|Any CPU = Release|Any CPU
	EndGlobalSection
	GlobalSection(ProjectConfigurationPlatforms) = postSolution
		{BF028C22-C6C7-4936-BD6F-76A86BD713A3}.Debug|Any CPU.ActiveCfg = Debug|Any CPU
		{BF028C22-C6C7-4936-BD6F-76A86BD713A3}.Debug|Any CPU.Build.0 = Debug|Any CPU
		{BF028C22-C6C7-4936-BD6F-76A86BD713A3}.Release|Any CPU.ActiveCfg = Release|Any CPU
		{BF028C22-C6C7-4936-BD6F-76A86BD713A3}.Release|Any CPU.Build.0 = Release|Any CPU
	EndGlobalSection
	GlobalSection(SolutionProperties) = preSolution
		HideSolutionNode = FALSE
	EndGlobalSection
	GlobalSection(ExtensibilityGlobals) = postSolution
		SolutionGuid = {B88B7866-9A81-41E5-8AE0-820E75C0597B}
	EndGlobalSection
EndGlobal
