
Microsoft Visual Studio Solution File, Format Version 12.00
# Visual Studio Version 17
VisualStudioVersion = 17.9.34728.123
MinimumVisualStudioVersion = 10.0.40219.1
Project("{FAE04EC0-301F-11D3-BF4B-00C04F79EFBC}") = "84. Index number lower case", "84. Index number lower case\84. Index number lower case.csproj", "{C941C2DA-D8FF-4F85-A0D0-38C91FDE4482}"
EndProject
Global
	GlobalSection(SolutionConfigurationPlatforms) = preSolution
		Debug|Any CPU = Debug|Any CPU
		Release|Any CPU = Release|Any CPU
	EndGlobalSection
	GlobalSection(ProjectConfigurationPlatforms) = postSolution
		{C941C2DA-D8FF-4F85-A0D0-38C91FDE4482}.Debug|Any CPU.ActiveCfg = Debug|Any CPU
		{C941C2DA-D8FF-4F85-A0D0-38C91FDE4482}.Debug|Any CPU.Build.0 = Debug|Any CPU
		{C941C2DA-D8FF-4F85-A0D0-38C91FDE4482}.Release|Any CPU.ActiveCfg = Release|Any CPU
		{C941C2DA-D8FF-4F85-A0D0-38C91FDE4482}.Release|Any CPU.Build.0 = Release|Any CPU
	EndGlobalSection
	GlobalSection(SolutionProperties) = preSolution
		HideSolutionNode = FALSE
	EndGlobalSection
	GlobalSection(ExtensibilityGlobals) = postSolution
		SolutionGuid = {E9CF6AD9-05DA-4796-B381-9DBC2340E956}
	EndGlobalSection
EndGlobal
