
Microsoft Visual Studio Solution File, Format Version 12.00
# Visual Studio Version 17
VisualStudioVersion = 17.9.34728.123
MinimumVisualStudioVersion = 10.0.40219.1
Project("{FAE04EC0-301F-11D3-BF4B-00C04F79EFBC}") = "55. Product of Adjacent", "55. Product of Adjacent\55. Product of Adjacent.csproj", "{58E444E7-F87E-40A1-AAAA-C9071C72CF4E}"
EndProject
Global
	GlobalSection(SolutionConfigurationPlatforms) = preSolution
		Debug|Any CPU = Debug|Any CPU
		Release|Any CPU = Release|Any CPU
	EndGlobalSection
	GlobalSection(ProjectConfigurationPlatforms) = postSolution
		{58E444E7-F87E-40A1-AAAA-C9071C72CF4E}.Debug|Any CPU.ActiveCfg = Debug|Any CPU
		{58E444E7-F87E-40A1-AAAA-C9071C72CF4E}.Debug|Any CPU.Build.0 = Debug|Any CPU
		{58E444E7-F87E-40A1-AAAA-C9071C72CF4E}.Release|Any CPU.ActiveCfg = Release|Any CPU
		{58E444E7-F87E-40A1-AAAA-C9071C72CF4E}.Release|Any CPU.Build.0 = Release|Any CPU
	EndGlobalSection
	GlobalSection(SolutionProperties) = preSolution
		HideSolutionNode = FALSE
	EndGlobalSection
	GlobalSection(ExtensibilityGlobals) = postSolution
		SolutionGuid = {FE0A2C65-5E72-41DC-BEFA-82786EF734BF}
	EndGlobalSection
EndGlobal
