
Microsoft Visual Studio Solution File, Format Version 12.00
# Visual Studio Version 17
VisualStudioVersion = 17.9.34728.123
MinimumVisualStudioVersion = 10.0.40219.1
Project("{FAE04EC0-301F-11D3-BF4B-00C04F79EFBC}") = "50. Rotate left", "50. Rotate left\50. Rotate left.csproj", "{670576DA-0579-427C-AF63-9C73E5130341}"
EndProject
Global
	GlobalSection(SolutionConfigurationPlatforms) = preSolution
		Debug|Any CPU = Debug|Any CPU
		Release|Any CPU = Release|Any CPU
	EndGlobalSection
	GlobalSection(ProjectConfigurationPlatforms) = postSolution
		{670576DA-0579-427C-AF63-9C73E5130341}.Debug|Any CPU.ActiveCfg = Debug|Any CPU
		{670576DA-0579-427C-AF63-9C73E5130341}.Debug|Any CPU.Build.0 = Debug|Any CPU
		{670576DA-0579-427C-AF63-9C73E5130341}.Release|Any CPU.ActiveCfg = Release|Any CPU
		{670576DA-0579-427C-AF63-9C73E5130341}.Release|Any CPU.Build.0 = Release|Any CPU
	EndGlobalSection
	GlobalSection(SolutionProperties) = preSolution
		HideSolutionNode = FALSE
	EndGlobalSection
	GlobalSection(ExtensibilityGlobals) = postSolution
		SolutionGuid = {C6CF9C26-2ED0-4280-9CA8-1689B9EB0DD3}
	EndGlobalSection
EndGlobal
