
Microsoft Visual Studio Solution File, Format Version 12.00
# Visual Studio Version 17
VisualStudioVersion = 17.9.34728.123
MinimumVisualStudioVersion = 10.0.40219.1
Project("{FAE04EC0-301F-11D3-BF4B-00C04F79EFBC}") = "17. First char added", "17. First char added\17. First char added.csproj", "{F7C4BF1F-2BA8-40F6-BEFD-CFB7BA35B62A}"
EndProject
Global
	GlobalSection(SolutionConfigurationPlatforms) = preSolution
		Debug|Any CPU = Debug|Any CPU
		Release|Any CPU = Release|Any CPU
	EndGlobalSection
	GlobalSection(ProjectConfigurationPlatforms) = postSolution
		{F7C4BF1F-2BA8-40F6-BEFD-CFB7BA35B62A}.Debug|Any CPU.ActiveCfg = Debug|Any CPU
		{F7C4BF1F-2BA8-40F6-BEFD-CFB7BA35B62A}.Debug|Any CPU.Build.0 = Debug|Any CPU
		{F7C4BF1F-2BA8-40F6-BEFD-CFB7BA35B62A}.Release|Any CPU.ActiveCfg = Release|Any CPU
		{F7C4BF1F-2BA8-40F6-BEFD-CFB7BA35B62A}.Release|Any CPU.Build.0 = Release|Any CPU
	EndGlobalSection
	GlobalSection(SolutionProperties) = preSolution
		HideSolutionNode = FALSE
	EndGlobalSection
	GlobalSection(ExtensibilityGlobals) = postSolution
		SolutionGuid = {A9269661-F4DD-49FE-98C2-E8E76D823F22}
	EndGlobalSection
EndGlobal
