
Microsoft Visual Studio Solution File, Format Version 12.00
# Visual Studio Version 17
VisualStudioVersion = 17.9.34728.123
MinimumVisualStudioVersion = 10.0.40219.1
Project("{FAE04EC0-301F-11D3-BF4B-00C04F79EFBC}") = "96. Same char", "96. Same char\96. Same char.csproj", "{3BAFC395-3823-47F0-BACA-6BFE471D1E62}"
EndProject
Global
	GlobalSection(SolutionConfigurationPlatforms) = preSolution
		Debug|Any CPU = Debug|Any CPU
		Release|Any CPU = Release|Any CPU
	EndGlobalSection
	GlobalSection(ProjectConfigurationPlatforms) = postSolution
		{3BAFC395-3823-47F0-BACA-6BFE471D1E62}.Debug|Any CPU.ActiveCfg = Debug|Any CPU
		{3BAFC395-3823-47F0-BACA-6BFE471D1E62}.Debug|Any CPU.Build.0 = Debug|Any CPU
		{3BAFC395-3823-47F0-BACA-6BFE471D1E62}.Release|Any CPU.ActiveCfg = Release|Any CPU
		{3BAFC395-3823-47F0-BACA-6BFE471D1E62}.Release|Any CPU.Build.0 = Release|Any CPU
	EndGlobalSection
	GlobalSection(SolutionProperties) = preSolution
		HideSolutionNode = FALSE
	EndGlobalSection
	GlobalSection(ExtensibilityGlobals) = postSolution
		SolutionGuid = {C0C3183E-7426-40B3-9A26-5C7E5F4AA4AB}
	EndGlobalSection
EndGlobal
