
Microsoft Visual Studio Solution File, Format Version 12.00
# Visual Studio Version 17
VisualStudioVersion = 17.9.34728.123
MinimumVisualStudioVersion = 10.0.40219.1
Project("{FAE04EC0-301F-11D3-BF4B-00C04F79EFBC}") = "05. Swap Two", "05. Swap Two\05. Swap Two.csproj", "{BACA76B2-6C78-47AD-84C1-F1DBE249BC86}"
EndProject
Global
	GlobalSection(SolutionConfigurationPlatforms) = preSolution
		Debug|Any CPU = Debug|Any CPU
		Release|Any CPU = Release|Any CPU
	EndGlobalSection
	GlobalSection(ProjectConfigurationPlatforms) = postSolution
		{BACA76B2-6C78-47AD-84C1-F1DBE249BC86}.Debug|Any CPU.ActiveCfg = Debug|Any CPU
		{BACA76B2-6C78-47AD-84C1-F1DBE249BC86}.Debug|Any CPU.Build.0 = Debug|Any CPU
		{BACA76B2-6C78-47AD-84C1-F1DBE249BC86}.Release|Any CPU.ActiveCfg = Release|Any CPU
		{BACA76B2-6C78-47AD-84C1-F1DBE249BC86}.Release|Any CPU.Build.0 = Release|Any CPU
	EndGlobalSection
	GlobalSection(SolutionProperties) = preSolution
		HideSolutionNode = FALSE
	EndGlobalSection
	GlobalSection(ExtensibilityGlobals) = postSolution
		SolutionGuid = {514FA318-E32B-43E2-8E0A-EE1C557097E6}
	EndGlobalSection
EndGlobal
